PODS:
  - Alamofire (5.1.0)
  - Behave (1.0.2):
    - OHHTTPStubs/Swift (= 8.0.0)
  - OHHTTPStubs/Core (8.0.0)
  - OHHTTPStubs/Default (8.0.0):
    - OHHTTPStubs/Core
    - OHHTTPStubs/JSON
    - OHHTTPStubs/NSURLSession
    - OHHTTPStubs/OHPathHelpers
  - OHHTTPStubs/JSON (8.0.0):
    - OHHTTPStubs/Core
  - OHHTTPStubs/NSURLSession (8.0.0):
    - OHHTTPStubs/Core
  - OHHTTPStubs/OHPathHelpers (8.0.0)
  - OHHTTPStubs/Swift (8.0.0):
    - OHHTTPStubs/Default
  - RxCocoa (4.5.0):
    - RxSwift (>= 4.4.2, ~> 4.4)
  - RxSwift (4.5.0)
  - SwiftKeychainWrapper (3.4.0)

DEPENDENCIES:
  - Alamofire
  - Behave (from `..`)
  - OHHTTPStubs/Swift (~> 8.0.0)
  - RxCocoa (~> 4.0)
  - RxSwift (~> 4.0)
  - SwiftKeychainWrapper

SPEC REPOS:
  trunk:
    - Alamofire
    - OHHTTPStubs
    - RxCocoa
    - RxSwift
    - SwiftKeychainWrapper

EXTERNAL SOURCES:
  Behave:
    :path: ".."

SPEC CHECKSUMS:
  Alamofire: 9d5c5f602928e512395b30950c5984eca840093c
  Behave: 00e2bef915e9691ca54b4d49c7877cc0fee2f5cf
  OHHTTPStubs: 9cbce6364bec557cc3439aa6bb7514670d780881
  RxCocoa: cbf70265dc65a981d4ac982e513c10cf23df24a0
  RxSwift: f172070dfd1a93d70a9ab97a5a01166206e1c575
  SwiftKeychainWrapper: 6fc49fbf7d4a6b0772917acb0e53a1639f6078d6

PODFILE CHECKSUM: 4f47a0297ae6691435749b6659342da77269cb8b

COCOAPODS: 1.9.0
