PODS:
  - Alamofire (5.1.0)
  - Behave (1.0.20):
    - OHHTTPStubs/Swift (= 9.1.0)
  - OHHTTPStubs/Core (9.1.0)
  - OHHTTPStubs/Default (9.1.0):
    - OHHTTPStubs/Core
    - OHHTTPStubs/JSON
    - OHHTTPStubs/NSURLSession
    - OHHTTPStubs/OHPathHelpers
  - OHHTTPStubs/JSON (9.1.0):
    - OHHTTPStubs/Core
  - OHHTTPStubs/NSURLSession (9.1.0):
    - OHHTTPStubs/Core
  - OHHTTPStubs/OHPathHelpers (9.1.0)
  - OHHTTPStubs/Swift (9.1.0):
    - OHHTTPStubs/Default
  - RxCocoa (4.5.0):
    - RxSwift (>= 4.4.2, ~> 4.4)
  - RxSwift (4.5.0)
  - SwiftKeychainWrapper (3.4.0)

DEPENDENCIES:
  - Alamofire
  - Behave (from `..`)
  - OHHTTPStubs/Swift (~> 9.1.0)
  - RxCocoa (~> 4.0)
  - RxSwift (~> 4.0)
  - SwiftKeychainWrapper

SPEC REPOS:
  trunk:
    - Alamofire
    - OHHTTPStubs
    - RxCocoa
    - RxSwift
    - SwiftKeychainWrapper

EXTERNAL SOURCES:
  Behave:
    :path: ".."

SPEC CHECKSUMS:
  Alamofire: 9d5c5f602928e512395b30950c5984eca840093c
  Behave: 4890d730b672b1342faf2b981b17e4093ceb830a
  OHHTTPStubs: 90eac6d8f2c18317baeca36698523dc67c513831
  RxCocoa: cbf70265dc65a981d4ac982e513c10cf23df24a0
  RxSwift: f172070dfd1a93d70a9ab97a5a01166206e1c575
  SwiftKeychainWrapper: 6fc49fbf7d4a6b0772917acb0e53a1639f6078d6

PODFILE CHECKSUM: 2e122a721b50b0c0f4d38b9d53529bee96960485

COCOAPODS: 1.10.1
