// !$*UTF8*$!
{
	archiveVersion = 1;
	classes = {
	};
	objectVersion = 52;
	objects = {

/* Begin PBXBuildFile section */
		87A8DD9A2620DF9E00920F10 /* ExampleSwiftUIApp.swift in Sources */ = {isa = PBXBuildFile; fileRef = 87A8DD992620DF9E00920F10 /* ExampleSwiftUIApp.swift */; };
		87A8DD9C2620DF9E00920F10 /* ContentView.swift in Sources */ = {isa = PBXBuildFile; fileRef = 87A8DD9B2620DF9E00920F10 /* ContentView.swift */; };
		87A8DD9E2620DF9F00920F10 /* Assets.xcassets in Resources */ = {isa = PBXBuildFile; fileRef = 87A8DD9D2620DF9F00920F10 /* Assets.xcassets */; };
		87A8DDA12620DF9F00920F10 /* Preview Assets.xcassets in Resources */ = {isa = PBXBuildFile; fileRef = 87A8DDA02620DF9F00920F10 /* Preview Assets.xcassets */; };
		87A8DDAC2620DF9F00920F10 /* ExampleSwiftUITests.swift in Sources */ = {isa = PBXBuildFile; fileRef = 87A8DDAB2620DF9F00920F10 /* ExampleSwiftUITests.swift */; };
		87A8DDB72620DF9F00920F10 /* ExampleSwiftUIUITests.swift in Sources */ = {isa = PBXBuildFile; fileRef = 87A8DDB62620DF9F00920F10 /* ExampleSwiftUIUITests.swift */; };
		87A8DDF12621332B00920F10 /* ViewInspector in Frameworks */ = {isa = PBXBuildFile; productRef = 87A8DDF02621332B00920F10 /* ViewInspector */; };
		87A8DDFC2625275F00920F10 /* HotReloading in Frameworks */ = {isa = PBXBuildFile; productRef = 87A8DDFB2625275F00920F10 /* HotReloading */; };
		87A8DDFD2625275F00920F10 /* HotReloading in Embed Frameworks */ = {isa = PBXBuildFile; productRef = 87A8DDFB2625275F00920F10 /* HotReloading */; settings = {ATTRIBUTES = (CodeSignOnCopy, ); }; };
/* End PBXBuildFile section */

/* Begin PBXContainerItemProxy section */
		87A8DDA82620DF9F00920F10 /* PBXContainerItemProxy */ = {
			isa = PBXContainerItemProxy;
			containerPortal = 87A8DD8E2620DF9E00920F10 /* Project object */;
			proxyType = 1;
			remoteGlobalIDString = 87A8DD952620DF9E00920F10;
			remoteInfo = ExampleSwiftUI;
		};
		87A8DDB32620DF9F00920F10 /* PBXContainerItemProxy */ = {
			isa = PBXContainerItemProxy;
			containerPortal = 87A8DD8E2620DF9E00920F10 /* Project object */;
			proxyType = 1;
			remoteGlobalIDString = 87A8DD952620DF9E00920F10;
			remoteInfo = ExampleSwiftUI;
		};
/* End PBXContainerItemProxy section */

/* Begin PBXCopyFilesBuildPhase section */
		87A8DDFE2625275F00920F10 /* Embed Frameworks */ = {
			isa = PBXCopyFilesBuildPhase;
			buildActionMask = 2147483647;
			dstPath = "";
			dstSubfolderSpec = 10;
			files = (
				87A8DDFD2625275F00920F10 /* HotReloading in Embed Frameworks */,
			);
			name = "Embed Frameworks";
			runOnlyForDeploymentPostprocessing = 0;
		};
/* End PBXCopyFilesBuildPhase section */

/* Begin PBXFileReference section */
		87A8DD962620DF9E00920F10 /* ExampleSwiftUI.app */ = {isa = PBXFileReference; explicitFileType = wrapper.application; includeInIndex = 0; path = ExampleSwiftUI.app; sourceTree = BUILT_PRODUCTS_DIR; };
		87A8DD992620DF9E00920F10 /* ExampleSwiftUIApp.swift */ = {isa = PBXFileReference; lastKnownFileType = sourcecode.swift; path = ExampleSwiftUIApp.swift; sourceTree = "<group>"; };
		87A8DD9B2620DF9E00920F10 /* ContentView.swift */ = {isa = PBXFileReference; lastKnownFileType = sourcecode.swift; path = ContentView.swift; sourceTree = "<group>"; };
		87A8DD9D2620DF9F00920F10 /* Assets.xcassets */ = {isa = PBXFileReference; lastKnownFileType = folder.assetcatalog; path = Assets.xcassets; sourceTree = "<group>"; };
		87A8DDA02620DF9F00920F10 /* Preview Assets.xcassets */ = {isa = PBXFileReference; lastKnownFileType = folder.assetcatalog; path = "Preview Assets.xcassets"; sourceTree = "<group>"; };
		87A8DDA22620DF9F00920F10 /* Info.plist */ = {isa = PBXFileReference; lastKnownFileType = text.plist.xml; path = Info.plist; sourceTree = "<group>"; };
		87A8DDA72620DF9F00920F10 /* ExampleSwiftUITests.xctest */ = {isa = PBXFileReference; explicitFileType = wrapper.cfbundle; includeInIndex = 0; path = ExampleSwiftUITests.xctest; sourceTree = BUILT_PRODUCTS_DIR; };
		87A8DDAB2620DF9F00920F10 /* ExampleSwiftUITests.swift */ = {isa = PBXFileReference; lastKnownFileType = sourcecode.swift; path = ExampleSwiftUITests.swift; sourceTree = "<group>"; };
		87A8DDAD2620DF9F00920F10 /* Info.plist */ = {isa = PBXFileReference; lastKnownFileType = text.plist.xml; path = Info.plist; sourceTree = "<group>"; };
		87A8DDB22620DF9F00920F10 /* ExampleSwiftUIUITests.xctest */ = {isa = PBXFileReference; explicitFileType = wrapper.cfbundle; includeInIndex = 0; path = ExampleSwiftUIUITests.xctest; sourceTree = BUILT_PRODUCTS_DIR; };
		87A8DDB62620DF9F00920F10 /* ExampleSwiftUIUITests.swift */ = {isa = PBXFileReference; lastKnownFileType = sourcecode.swift; path = ExampleSwiftUIUITests.swift; sourceTree = "<group>"; };
		87A8DDB82620DF9F00920F10 /* Info.plist */ = {isa = PBXFileReference; lastKnownFileType = text.plist.xml; path = Info.plist; sourceTree = "<group>"; };
		87A8DE05262529D500920F10 /* XCTest.framework */ = {isa = PBXFileReference; lastKnownFileType = wrapper.framework; name = XCTest.framework; path = Platforms/iPhoneOS.platform/Developer/Library/Frameworks/XCTest.framework; sourceTree = DEVELOPER_DIR; };
/* End PBXFileReference section */

/* Begin PBXFrameworksBuildPhase section */
		87A8DD932620DF9E00920F10 /* Frameworks */ = {
			isa = PBXFrameworksBuildPhase;
			buildActionMask = 2147483647;
			files = (
				87A8DDFC2625275F00920F10 /* HotReloading in Frameworks */,
			);
			runOnlyForDeploymentPostprocessing = 0;
		};
		87A8DDA42620DF9F00920F10 /* Frameworks */ = {
			isa = PBXFrameworksBuildPhase;
			buildActionMask = 2147483647;
			files = (
				87A8DDF12621332B00920F10 /* ViewInspector in Frameworks */,
			);
			runOnlyForDeploymentPostprocessing = 0;
		};
		87A8DDAF2620DF9F00920F10 /* Frameworks */ = {
			isa = PBXFrameworksBuildPhase;
			buildActionMask = 2147483647;
			files = (
			);
			runOnlyForDeploymentPostprocessing = 0;
		};
/* End PBXFrameworksBuildPhase section */

/* Begin PBXGroup section */
		87A8DD8D2620DF9E00920F10 = {
			isa = PBXGroup;
			children = (
				87A8DD982620DF9E00920F10 /* ExampleSwiftUI */,
				87A8DDAA2620DF9F00920F10 /* ExampleSwiftUITests */,
				87A8DDB52620DF9F00920F10 /* ExampleSwiftUIUITests */,
				87A8DD972620DF9E00920F10 /* Products */,
				87A8DE04262529D500920F10 /* Frameworks */,
			);
			sourceTree = "<group>";
		};
		87A8DD972620DF9E00920F10 /* Products */ = {
			isa = PBXGroup;
			children = (
				87A8DD962620DF9E00920F10 /* ExampleSwiftUI.app */,
				87A8DDA72620DF9F00920F10 /* ExampleSwiftUITests.xctest */,
				87A8DDB22620DF9F00920F10 /* ExampleSwiftUIUITests.xctest */,
			);
			name = Products;
			sourceTree = "<group>";
		};
		87A8DD982620DF9E00920F10 /* ExampleSwiftUI */ = {
			isa = PBXGroup;
			children = (
				87A8DD992620DF9E00920F10 /* ExampleSwiftUIApp.swift */,
				87A8DD9B2620DF9E00920F10 /* ContentView.swift */,
				87A8DD9D2620DF9F00920F10 /* Assets.xcassets */,
				87A8DDA22620DF9F00920F10 /* Info.plist */,
				87A8DD9F2620DF9F00920F10 /* Preview Content */,
			);
			path = ExampleSwiftUI;
			sourceTree = "<group>";
		};
		87A8DD9F2620DF9F00920F10 /* Preview Content */ = {
			isa = PBXGroup;
			children = (
				87A8DDA02620DF9F00920F10 /* Preview Assets.xcassets */,
			);
			path = "Preview Content";
			sourceTree = "<group>";
		};
		87A8DDAA2620DF9F00920F10 /* ExampleSwiftUITests */ = {
			isa = PBXGroup;
			children = (
				87A8DDAB2620DF9F00920F10 /* ExampleSwiftUITests.swift */,
				87A8DDAD2620DF9F00920F10 /* Info.plist */,
			);
			path = ExampleSwiftUITests;
			sourceTree = "<group>";
		};
		87A8DDB52620DF9F00920F10 /* ExampleSwiftUIUITests */ = {
			isa = PBXGroup;
			children = (
				87A8DDB62620DF9F00920F10 /* ExampleSwiftUIUITests.swift */,
				87A8DDB82620DF9F00920F10 /* Info.plist */,
			);
			path = ExampleSwiftUIUITests;
			sourceTree = "<group>";
		};
		87A8DE04262529D500920F10 /* Frameworks */ = {
			isa = PBXGroup;
			children = (
				87A8DE05262529D500920F10 /* XCTest.framework */,
			);
			name = Frameworks;
			sourceTree = "<group>";
		};
/* End PBXGroup section */

/* Begin PBXNativeTarget section */
		87A8DD952620DF9E00920F10 /* ExampleSwiftUI */ = {
			isa = PBXNativeTarget;
			buildConfigurationList = 87A8DDBB2620DF9F00920F10 /* Build configuration list for PBXNativeTarget "ExampleSwiftUI" */;
			buildPhases = (
				87A8DD922620DF9E00920F10 /* Sources */,
				87A8DD932620DF9E00920F10 /* Frameworks */,
				87A8DD942620DF9E00920F10 /* Resources */,
				87A8DDFE2625275F00920F10 /* Embed Frameworks */,
				87A8DE012625278800920F10 /* ShellScript */,
			);
			buildRules = (
			);
			dependencies = (
			);
			name = ExampleSwiftUI;
			packageProductDependencies = (
				87A8DDFB2625275F00920F10 /* HotReloading */,
			);
			productName = ExampleSwiftUI;
			productReference = 87A8DD962620DF9E00920F10 /* ExampleSwiftUI.app */;
			productType = "com.apple.product-type.application";
		};
		87A8DDA62620DF9F00920F10 /* ExampleSwiftUITests */ = {
			isa = PBXNativeTarget;
			buildConfigurationList = 87A8DDBE2620DF9F00920F10 /* Build configuration list for PBXNativeTarget "ExampleSwiftUITests" */;
			buildPhases = (
				87A8DDA32620DF9F00920F10 /* Sources */,
				87A8DDA42620DF9F00920F10 /* Frameworks */,
				87A8DDA52620DF9F00920F10 /* Resources */,
			);
			buildRules = (
			);
			dependencies = (
				87A8DDA92620DF9F00920F10 /* PBXTargetDependency */,
			);
			name = ExampleSwiftUITests;
			packageProductDependencies = (
				87A8DDF02621332B00920F10 /* ViewInspector */,
			);
			productName = ExampleSwiftUITests;
			productReference = 87A8DDA72620DF9F00920F10 /* ExampleSwiftUITests.xctest */;
			productType = "com.apple.product-type.bundle.unit-test";
		};
		87A8DDB12620DF9F00920F10 /* ExampleSwiftUIUITests */ = {
			isa = PBXNativeTarget;
			buildConfigurationList = 87A8DDC12620DF9F00920F10 /* Build configuration list for PBXNativeTarget "ExampleSwiftUIUITests" */;
			buildPhases = (
				87A8DDAE2620DF9F00920F10 /* Sources */,
				87A8DDAF2620DF9F00920F10 /* Frameworks */,
				87A8DDB02620DF9F00920F10 /* Resources */,
			);
			buildRules = (
			);
			dependencies = (
				87A8DDB42620DF9F00920F10 /* PBXTargetDependency */,
			);
			name = ExampleSwiftUIUITests;
			productName = ExampleSwiftUIUITests;
			productReference = 87A8DDB22620DF9F00920F10 /* ExampleSwiftUIUITests.xctest */;
			productType = "com.apple.product-type.bundle.ui-testing";
		};
/* End PBXNativeTarget section */

/* Begin PBXProject section */
		87A8DD8E2620DF9E00920F10 /* Project object */ = {
			isa = PBXProject;
			attributes = {
				LastSwiftUpdateCheck = 1240;
				LastUpgradeCheck = 1240;
				TargetAttributes = {
					87A8DD952620DF9E00920F10 = {
						CreatedOnToolsVersion = 12.4;
					};
					87A8DDA62620DF9F00920F10 = {
						CreatedOnToolsVersion = 12.4;
						TestTargetID = 87A8DD952620DF9E00920F10;
					};
					87A8DDB12620DF9F00920F10 = {
						CreatedOnToolsVersion = 12.4;
						TestTargetID = 87A8DD952620DF9E00920F10;
					};
				};
			};
			buildConfigurationList = 87A8DD912620DF9E00920F10 /* Build configuration list for PBXProject "ExampleSwiftUI" */;
			compatibilityVersion = "Xcode 9.3";
			developmentRegion = en;
			hasScannedForEncodings = 0;
			knownRegions = (
				en,
				Base,
			);
			mainGroup = 87A8DD8D2620DF9E00920F10;
			packageReferences = (
				87A8DDEF2621332B00920F10 /* XCRemoteSwiftPackageReference "ViewInspector" */,
				87A8DDFA2625275F00920F10 /* XCRemoteSwiftPackageReference "HotReloading" */,
			);
			productRefGroup = 87A8DD972620DF9E00920F10 /* Products */;
			projectDirPath = "";
			projectRoot = "";
			targets = (
				87A8DD952620DF9E00920F10 /* ExampleSwiftUI */,
				87A8DDA62620DF9F00920F10 /* ExampleSwiftUITests */,
				87A8DDB12620DF9F00920F10 /* ExampleSwiftUIUITests */,
			);
		};
/* End PBXProject section */

/* Begin PBXResourcesBuildPhase section */
		87A8DD942620DF9E00920F10 /* Resources */ = {
			isa = PBXResourcesBuildPhase;
			buildActionMask = 2147483647;
			files = (
				87A8DDA12620DF9F00920F10 /* Preview Assets.xcassets in Resources */,
				87A8DD9E2620DF9F00920F10 /* Assets.xcassets in Resources */,
			);
			runOnlyForDeploymentPostprocessing = 0;
		};
		87A8DDA52620DF9F00920F10 /* Resources */ = {
			isa = PBXResourcesBuildPhase;
			buildActionMask = 2147483647;
			files = (
			);
			runOnlyForDeploymentPostprocessing = 0;
		};
		87A8DDB02620DF9F00920F10 /* Resources */ = {
			isa = PBXResourcesBuildPhase;
			buildActionMask = 2147483647;
			files = (
			);
			runOnlyForDeploymentPostprocessing = 0;
		};
/* End PBXResourcesBuildPhase section */

/* Begin PBXShellScriptBuildPhase section */
		87A8DE012625278800920F10 /* ShellScript */ = {
			isa = PBXShellScriptBuildPhase;
			buildActionMask = 2147483647;
			files = (
			);
			inputFileListPaths = (
			);
			inputPaths = (
			);
			outputFileListPaths = (
			);
			outputPaths = (
			);
			runOnlyForDeploymentPostprocessing = 0;
			shellPath = /bin/sh;
			shellScript = "if [ -d $SYMROOT/../../SourcePackages ]; then\n    $SYMROOT/../../SourcePackages/checkouts/HotReloading/start_daemon.sh\nelif [ -d \"$SYMROOT\"/../../../../../SourcePackages ]; then\n    \"$SYMROOT\"/../../../../../SourcePackages/checkouts/HotReloading/fix_previews.sh\nfi\n";
		};
/* End PBXShellScriptBuildPhase section */

/* Begin PBXSourcesBuildPhase section */
		87A8DD922620DF9E00920F10 /* Sources */ = {
			isa = PBXSourcesBuildPhase;
			buildActionMask = 2147483647;
			files = (
				87A8DD9C2620DF9E00920F10 /* ContentView.swift in Sources */,
				87A8DD9A2620DF9E00920F10 /* ExampleSwiftUIApp.swift in Sources */,
			);
			runOnlyForDeploymentPostprocessing = 0;
		};
		87A8DDA32620DF9F00920F10 /* Sources */ = {
			isa = PBXSourcesBuildPhase;
			buildActionMask = 2147483647;
			files = (
				87A8DDAC2620DF9F00920F10 /* ExampleSwiftUITests.swift in Sources */,
			);
			runOnlyForDeploymentPostprocessing = 0;
		};
		87A8DDAE2620DF9F00920F10 /* Sources */ = {
			isa = PBXSourcesBuildPhase;
			buildActionMask = 2147483647;
			files = (
				87A8DDB72620DF9F00920F10 /* ExampleSwiftUIUITests.swift in Sources */,
			);
			runOnlyForDeploymentPostprocessing = 0;
		};
/* End PBXSourcesBuildPhase section */

/* Begin PBXTargetDependency section */
		87A8DDA92620DF9F00920F10 /* PBXTargetDependency */ = {
			isa = PBXTargetDependency;
			target = 87A8DD952620DF9E00920F10 /* ExampleSwiftUI */;
			targetProxy = 87A8DDA82620DF9F00920F10 /* PBXContainerItemProxy */;
		};
		87A8DDB42620DF9F00920F10 /* PBXTargetDependency */ = {
			isa = PBXTargetDependency;
			target = 87A8DD952620DF9E00920F10 /* ExampleSwiftUI */;
			targetProxy = 87A8DDB32620DF9F00920F10 /* PBXContainerItemProxy */;
		};
/* End PBXTargetDependency section */

/* Begin XCBuildConfiguration section */
		87A8DDB92620DF9F00920F10 /* Debug */ = {
			isa = XCBuildConfiguration;
			buildSettings = {
				ALWAYS_SEARCH_USER_PATHS = NO;
				CLANG_ANALYZER_NONNULL = YES;
				CLANG_ANALYZER_NUMBER_OBJECT_CONVERSION = YES_AGGRESSIVE;
				CLANG_CXX_LANGUAGE_STANDARD = "gnu++14";
				CLANG_CXX_LIBRARY = "libc++";
				CLANG_ENABLE_MODULES = YES;
				CLANG_ENABLE_OBJC_ARC = YES;
				CLANG_ENABLE_OBJC_WEAK = YES;
				CLANG_WARN_BLOCK_CAPTURE_AUTORELEASING = YES;
				CLANG_WARN_BOOL_CONVERSION = YES;
				CLANG_WARN_COMMA = YES;
				CLANG_WARN_CONSTANT_CONVERSION = YES;
				CLANG_WARN_DEPRECATED_OBJC_IMPLEMENTATIONS = YES;
				CLANG_WARN_DIRECT_OBJC_ISA_USAGE = YES_ERROR;
				CLANG_WARN_DOCUMENTATION_COMMENTS = YES;
				CLANG_WARN_EMPTY_BODY = YES;
				CLANG_WARN_ENUM_CONVERSION = YES;
				CLANG_WARN_INFINITE_RECURSION = YES;
				CLANG_WARN_INT_CONVERSION = YES;
				CLANG_WARN_NON_LITERAL_NULL_CONVERSION = YES;
				CLANG_WARN_OBJC_IMPLICIT_RETAIN_SELF = YES;
				CLANG_WARN_OBJC_LITERAL_CONVERSION = YES;
				CLANG_WARN_OBJC_ROOT_CLASS = YES_ERROR;
				CLANG_WARN_QUOTED_INCLUDE_IN_FRAMEWORK_HEADER = YES;
				CLANG_WARN_RANGE_LOOP_ANALYSIS = YES;
				CLANG_WARN_STRICT_PROTOTYPES = YES;
				CLANG_WARN_SUSPICIOUS_MOVE = YES;
				CLANG_WARN_UNGUARDED_AVAILABILITY = YES_AGGRESSIVE;
				CLANG_WARN_UNREACHABLE_CODE = YES;
				CLANG_WARN__DUPLICATE_METHOD_MATCH = YES;
				COPY_PHASE_STRIP = NO;
				DEBUG_INFORMATION_FORMAT = dwarf;
				ENABLE_STRICT_OBJC_MSGSEND = YES;
				ENABLE_TESTABILITY = YES;
				GCC_C_LANGUAGE_STANDARD = gnu11;
				GCC_DYNAMIC_NO_PIC = NO;
				GCC_NO_COMMON_BLOCKS = YES;
				GCC_OPTIMIZATION_LEVEL = 0;
				GCC_PREPROCESSOR_DEFINITIONS = (
					"DEBUG=1",
					"$(inherited)",
				);
				GCC_WARN_64_TO_32_BIT_CONVERSION = YES;
				GCC_WARN_ABOUT_RETURN_TYPE = YES_ERROR;
				GCC_WARN_UNDECLARED_SELECTOR = YES;
				GCC_WARN_UNINITIALIZED_AUTOS = YES_AGGRESSIVE;
				GCC_WARN_UNUSED_FUNCTION = YES;
				GCC_WARN_UNUSED_VARIABLE = YES;
				IPHONEOS_DEPLOYMENT_TARGET = 14.4;
				MTL_ENABLE_DEBUG_INFO = INCLUDE_SOURCE;
				MTL_FAST_MATH = YES;
				ONLY_ACTIVE_ARCH = YES;
				SDKROOT = iphoneos;
				SWIFT_ACTIVE_COMPILATION_CONDITIONS = DEBUG;
				SWIFT_OPTIMIZATION_LEVEL = "-Onone";
			};
			name = Debug;
		};
		87A8DDBA2620DF9F00920F10 /* Release */ = {
			isa = XCBuildConfiguration;
			buildSettings = {
				ALWAYS_SEARCH_USER_PATHS = NO;
				CLANG_ANALYZER_NONNULL = YES;
				CLANG_ANALYZER_NUMBER_OBJECT_CONVERSION = YES_AGGRESSIVE;
				CLANG_CXX_LANGUAGE_STANDARD = "gnu++14";
				CLANG_CXX_LIBRARY = "libc++";
				CLANG_ENABLE_MODULES = YES;
				CLANG_ENABLE_OBJC_ARC = YES;
				CLANG_ENABLE_OBJC_WEAK = YES;
				CLANG_WARN_BLOCK_CAPTURE_AUTORELEASING = YES;
				CLANG_WARN_BOOL_CONVERSION = YES;
				CLANG_WARN_COMMA = YES;
				CLANG_WARN_CONSTANT_CONVERSION = YES;
				CLANG_WARN_DEPRECATED_OBJC_IMPLEMENTATIONS = YES;
				CLANG_WARN_DIRECT_OBJC_ISA_USAGE = YES_ERROR;
				CLANG_WARN_DOCUMENTATION_COMMENTS = YES;
				CLANG_WARN_EMPTY_BODY = YES;
				CLANG_WARN_ENUM_CONVERSION = YES;
				CLANG_WARN_INFINITE_RECURSION = YES;
				CLANG_WARN_INT_CONVERSION = YES;
				CLANG_WARN_NON_LITERAL_NULL_CONVERSION = YES;
				CLANG_WARN_OBJC_IMPLICIT_RETAIN_SELF = YES;
				CLANG_WARN_OBJC_LITERAL_CONVERSION = YES;
				CLANG_WARN_OBJC_ROOT_CLASS = YES_ERROR;
				CLANG_WARN_QUOTED_INCLUDE_IN_FRAMEWORK_HEADER = YES;
				CLANG_WARN_RANGE_LOOP_ANALYSIS = YES;
				CLANG_WARN_STRICT_PROTOTYPES = YES;
				CLANG_WARN_SUSPICIOUS_MOVE = YES;
				CLANG_WARN_UNGUARDED_AVAILABILITY = YES_AGGRESSIVE;
				CLANG_WARN_UNREACHABLE_CODE = YES;
				CLANG_WARN__DUPLICATE_METHOD_MATCH = YES;
				COPY_PHASE_STRIP = NO;
				DEBUG_INFORMATION_FORMAT = "dwarf-with-dsym";
				ENABLE_NS_ASSERTIONS = NO;
				ENABLE_STRICT_OBJC_MSGSEND = YES;
				GCC_C_LANGUAGE_STANDARD = gnu11;
				GCC_NO_COMMON_BLOCKS = YES;
				GCC_WARN_64_TO_32_BIT_CONVERSION = YES;
				GCC_WARN_ABOUT_RETURN_TYPE = YES_ERROR;
				GCC_WARN_UNDECLARED_SELECTOR = YES;
				GCC_WARN_UNINITIALIZED_AUTOS = YES_AGGRESSIVE;
				GCC_WARN_UNUSED_FUNCTION = YES;
				GCC_WARN_UNUSED_VARIABLE = YES;
				IPHONEOS_DEPLOYMENT_TARGET = 14.4;
				MTL_ENABLE_DEBUG_INFO = NO;
				MTL_FAST_MATH = YES;
				SDKROOT = iphoneos;
				SWIFT_COMPILATION_MODE = wholemodule;
				SWIFT_OPTIMIZATION_LEVEL = "-O";
				VALIDATE_PRODUCT = YES;
			};
			name = Release;
		};
		87A8DDBC2620DF9F00920F10 /* Debug */ = {
			isa = XCBuildConfiguration;
			buildSettings = {
				ASSETCATALOG_COMPILER_APPICON_NAME = AppIcon;
				ASSETCATALOG_COMPILER_GLOBAL_ACCENT_COLOR_NAME = AccentColor;
				CODE_SIGN_STYLE = Automatic;
				DEVELOPMENT_ASSET_PATHS = "\"ExampleSwiftUI/Preview Content\"";
				DEVELOPMENT_TEAM = JG4TU5Z5P9;
				ENABLE_PREVIEWS = YES;
				INFOPLIST_FILE = ExampleSwiftUI/Info.plist;
				IPHONEOS_DEPLOYMENT_TARGET = 14.0;
				LD_RUNPATH_SEARCH_PATHS = (
					"$(inherited)",
					"@executable_path/Frameworks",
				);
				PRODUCT_BUNDLE_IDENTIFIER = behave.example.swiftui.ExampleSwiftUI;
				PRODUCT_NAME = "$(TARGET_NAME)";
				SWIFT_VERSION = 5.0;
				TARGETED_DEVICE_FAMILY = "1,2";
			};
			name = Debug;
		};
		87A8DDBD2620DF9F00920F10 /* Release */ = {
			isa = XCBuildConfiguration;
			buildSettings = {
				ASSETCATALOG_COMPILER_APPICON_NAME = AppIcon;
				ASSETCATALOG_COMPILER_GLOBAL_ACCENT_COLOR_NAME = AccentColor;
				CODE_SIGN_STYLE = Automatic;
				DEVELOPMENT_ASSET_PATHS = "\"ExampleSwiftUI/Preview Content\"";
				DEVELOPMENT_TEAM = JG4TU5Z5P9;
				ENABLE_PREVIEWS = YES;
				INFOPLIST_FILE = ExampleSwiftUI/Info.plist;
				IPHONEOS_DEPLOYMENT_TARGET = 14.0;
				LD_RUNPATH_SEARCH_PATHS = (
					"$(inherited)",
					"@executable_path/Frameworks",
				);
				PRODUCT_BUNDLE_IDENTIFIER = behave.example.swiftui.ExampleSwiftUI;
				PRODUCT_NAME = "$(TARGET_NAME)";
				SWIFT_VERSION = 5.0;
				TARGETED_DEVICE_FAMILY = "1,2";
			};
			name = Release;
		};
		87A8DDBF2620DF9F00920F10 /* Debug */ = {
			isa = XCBuildConfiguration;
			buildSettings = {
				ALWAYS_EMBED_SWIFT_STANDARD_LIBRARIES = YES;
				BUNDLE_LOADER = "$(TEST_HOST)";
				CODE_SIGN_STYLE = Automatic;
				DEVELOPMENT_TEAM = JG4TU5Z5P9;
				HEADER_SEARCH_PATHS = $CONFIGURATION_TEMP_DIR/YourProject.build/DerivedSources;
				INFOPLIST_FILE = ExampleSwiftUITests/Info.plist;
				IPHONEOS_DEPLOYMENT_TARGET = 14.0;
				LD_RUNPATH_SEARCH_PATHS = (
					"$(inherited)",
					"@executable_path/Frameworks",
					"@loader_path/Frameworks",
				);
				PRODUCT_BUNDLE_IDENTIFIER = behave.example.swiftui.ExampleSwiftUITests;
				PRODUCT_NAME = "$(TARGET_NAME)";
				SWIFT_VERSION = 5.0;
				TARGETED_DEVICE_FAMILY = "1,2";
				TEST_HOST = "$(BUILT_PRODUCTS_DIR)/ExampleSwiftUI.app/ExampleSwiftUI";
			};
			name = Debug;
		};
		87A8DDC02620DF9F00920F10 /* Release */ = {
			isa = XCBuildConfiguration;
			buildSettings = {
				ALWAYS_EMBED_SWIFT_STANDARD_LIBRARIES = YES;
				BUNDLE_LOADER = "$(TEST_HOST)";
				CODE_SIGN_STYLE = Automatic;
				DEVELOPMENT_TEAM = JG4TU5Z5P9;
				HEADER_SEARCH_PATHS = $CONFIGURATION_TEMP_DIR/YourProject.build/DerivedSources;
				INFOPLIST_FILE = ExampleSwiftUITests/Info.plist;
				IPHONEOS_DEPLOYMENT_TARGET = 14.0;
				LD_RUNPATH_SEARCH_PATHS = (
					"$(inherited)",
					"@executable_path/Frameworks",
					"@loader_path/Frameworks",
				);
				PRODUCT_BUNDLE_IDENTIFIER = behave.example.swiftui.ExampleSwiftUITests;
				PRODUCT_NAME = "$(TARGET_NAME)";
				SWIFT_VERSION = 5.0;
				TARGETED_DEVICE_FAMILY = "1,2";
				TEST_HOST = "$(BUILT_PRODUCTS_DIR)/ExampleSwiftUI.app/ExampleSwiftUI";
			};
			name = Release;
		};
		87A8DDC22620DF9F00920F10 /* Debug */ = {
			isa = XCBuildConfiguration;
			buildSettings = {
				ALWAYS_EMBED_SWIFT_STANDARD_LIBRARIES = YES;
				CODE_SIGN_STYLE = Automatic;
				DEVELOPMENT_TEAM = JG4TU5Z5P9;
				INFOPLIST_FILE = ExampleSwiftUIUITests/Info.plist;
				LD_RUNPATH_SEARCH_PATHS = (
					"$(inherited)",
					"@executable_path/Frameworks",
					"@loader_path/Frameworks",
				);
				PRODUCT_BUNDLE_IDENTIFIER = behave.example.swiftui.ExampleSwiftUIUITests;
				PRODUCT_NAME = "$(TARGET_NAME)";
				SWIFT_VERSION = 5.0;
				TARGETED_DEVICE_FAMILY = "1,2";
				TEST_TARGET_NAME = ExampleSwiftUI;
			};
			name = Debug;
		};
		87A8DDC32620DF9F00920F10 /* Release */ = {
			isa = XCBuildConfiguration;
			buildSettings = {
				ALWAYS_EMBED_SWIFT_STANDARD_LIBRARIES = YES;
				CODE_SIGN_STYLE = Automatic;
				DEVELOPMENT_TEAM = JG4TU5Z5P9;
				INFOPLIST_FILE = ExampleSwiftUIUITests/Info.plist;
				LD_RUNPATH_SEARCH_PATHS = (
					"$(inherited)",
					"@executable_path/Frameworks",
					"@loader_path/Frameworks",
				);
				PRODUCT_BUNDLE_IDENTIFIER = behave.example.swiftui.ExampleSwiftUIUITests;
				PRODUCT_NAME = "$(TARGET_NAME)";
				SWIFT_VERSION = 5.0;
				TARGETED_DEVICE_FAMILY = "1,2";
				TEST_TARGET_NAME = ExampleSwiftUI;
			};
			name = Release;
		};
/* End XCBuildConfiguration section */

/* Begin XCConfigurationList section */
		87A8DD912620DF9E00920F10 /* Build configuration list for PBXProject "ExampleSwiftUI" */ = {
			isa = XCConfigurationList;
			buildConfigurations = (
				87A8DDB92620DF9F00920F10 /* Debug */,
				87A8DDBA2620DF9F00920F10 /* Release */,
			);
			defaultConfigurationIsVisible = 0;
			defaultConfigurationName = Release;
		};
		87A8DDBB2620DF9F00920F10 /* Build configuration list for PBXNativeTarget "ExampleSwiftUI" */ = {
			isa = XCConfigurationList;
			buildConfigurations = (
				87A8DDBC2620DF9F00920F10 /* Debug */,
				87A8DDBD2620DF9F00920F10 /* Release */,
			);
			defaultConfigurationIsVisible = 0;
			defaultConfigurationName = Release;
		};
		87A8DDBE2620DF9F00920F10 /* Build configuration list for PBXNativeTarget "ExampleSwiftUITests" */ = {
			isa = XCConfigurationList;
			buildConfigurations = (
				87A8DDBF2620DF9F00920F10 /* Debug */,
				87A8DDC02620DF9F00920F10 /* Release */,
			);
			defaultConfigurationIsVisible = 0;
			defaultConfigurationName = Release;
		};
		87A8DDC12620DF9F00920F10 /* Build configuration list for PBXNativeTarget "ExampleSwiftUIUITests" */ = {
			isa = XCConfigurationList;
			buildConfigurations = (
				87A8DDC22620DF9F00920F10 /* Debug */,
				87A8DDC32620DF9F00920F10 /* Release */,
			);
			defaultConfigurationIsVisible = 0;
			defaultConfigurationName = Release;
		};
/* End XCConfigurationList section */

/* Begin XCRemoteSwiftPackageReference section */
		87A8DDEF2621332B00920F10 /* XCRemoteSwiftPackageReference "ViewInspector" */ = {
			isa = XCRemoteSwiftPackageReference;
			repositoryURL = "https://github.com/nalexn/ViewInspector";
			requirement = {
				kind = upToNextMajorVersion;
				minimumVersion = 0.7.2;
			};
		};
		87A8DDFA2625275F00920F10 /* XCRemoteSwiftPackageReference "HotReloading" */ = {
			isa = XCRemoteSwiftPackageReference;
			repositoryURL = "https://github.com/johnno1962/HotReloading";
			requirement = {
				kind = upToNextMajorVersion;
				minimumVersion = 1.5.8;
			};
		};
/* End XCRemoteSwiftPackageReference section */

/* Begin XCSwiftPackageProductDependency section */
		87A8DDF02621332B00920F10 /* ViewInspector */ = {
			isa = XCSwiftPackageProductDependency;
			package = 87A8DDEF2621332B00920F10 /* XCRemoteSwiftPackageReference "ViewInspector" */;
			productName = ViewInspector;
		};
		87A8DDFB2625275F00920F10 /* HotReloading */ = {
			isa = XCSwiftPackageProductDependency;
			package = 87A8DDFA2625275F00920F10 /* XCRemoteSwiftPackageReference "HotReloading" */;
			productName = HotReloading;
		};
/* End XCSwiftPackageProductDependency section */
	};
	rootObject = 87A8DD8E2620DF9E00920F10 /* Project object */;
}
