// !$*UTF8*$!
{
	archiveVersion = 1;
	classes = {
	};
	objectVersion = 50;
	objects = {

/* Begin PBXBuildFile section */
		DD4D066522FE157300470BF3 /* Behave.framework in Frameworks */ = {isa = PBXBuildFile; fileRef = DD4D065B22FE157300470BF3 /* Behave.framework */; };
		DD4D066A22FE157300470BF3 /* BehaveTests.swift in Sources */ = {isa = PBXBuildFile; fileRef = DD4D066922FE157300470BF3 /* BehaveTests.swift */; };
		DD4D066C22FE157300470BF3 /* Behave.h in Headers */ = {isa = PBXBuildFile; fileRef = DD4D065E22FE157300470BF3 /* Behave.h */; settings = {ATTRIBUTES = (Public, ); }; };
		DD4D067A2301A39600470BF3 /* BehaveElements.swift in Sources */ = {isa = PBXBuildFile; fileRef = DD4D06782301A39600470BF3 /* BehaveElements.swift */; };
		DD4D067B2301A39600470BF3 /* Behave.swift in Sources */ = {isa = PBXBuildFile; fileRef = DD4D06792301A39600470BF3 /* Behave.swift */; };
/* End PBXBuildFile section */

/* Begin PBXContainerItemProxy section */
		DD4D066622FE157300470BF3 /* PBXContainerItemProxy */ = {
			isa = PBXContainerItemProxy;
			containerPortal = DD4D065222FE157300470BF3 /* Project object */;
			proxyType = 1;
			remoteGlobalIDString = DD4D065A22FE157300470BF3;
			remoteInfo = Behave;
		};
/* End PBXContainerItemProxy section */

/* Begin PBXFileReference section */
		DD4D065B22FE157300470BF3 /* Behave.framework */ = {isa = PBXFileReference; explicitFileType = wrapper.framework; includeInIndex = 0; path = Behave.framework; sourceTree = BUILT_PRODUCTS_DIR; };
		DD4D065E22FE157300470BF3 /* Behave.h */ = {isa = PBXFileReference; lastKnownFileType = sourcecode.c.h; path = Behave.h; sourceTree = "<group>"; };
		DD4D065F22FE157300470BF3 /* Info.plist */ = {isa = PBXFileReference; lastKnownFileType = text.plist.xml; path = Info.plist; sourceTree = "<group>"; };
		DD4D066422FE157300470BF3 /* BehaveTests.xctest */ = {isa = PBXFileReference; explicitFileType = wrapper.cfbundle; includeInIndex = 0; path = BehaveTests.xctest; sourceTree = BUILT_PRODUCTS_DIR; };
		DD4D066922FE157300470BF3 /* BehaveTests.swift */ = {isa = PBXFileReference; lastKnownFileType = sourcecode.swift; path = BehaveTests.swift; sourceTree = "<group>"; };
		DD4D066B22FE157300470BF3 /* Info.plist */ = {isa = PBXFileReference; lastKnownFileType = text.plist.xml; path = Info.plist; sourceTree = "<group>"; };
		DD4D06782301A39600470BF3 /* BehaveElements.swift */ = {isa = PBXFileReference; fileEncoding = 4; lastKnownFileType = sourcecode.swift; path = BehaveElements.swift; sourceTree = SOURCE_ROOT; };
		DD4D06792301A39600470BF3 /* Behave.swift */ = {isa = PBXFileReference; fileEncoding = 4; lastKnownFileType = sourcecode.swift; path = Behave.swift; sourceTree = SOURCE_ROOT; };
/* End PBXFileReference section */

/* Begin PBXFrameworksBuildPhase section */
		DD4D065822FE157300470BF3 /* Frameworks */ = {
			isa = PBXFrameworksBuildPhase;
			buildActionMask = 2147483647;
			files = (
			);
			runOnlyForDeploymentPostprocessing = 0;
		};
		DD4D066122FE157300470BF3 /* Frameworks */ = {
			isa = PBXFrameworksBuildPhase;
			buildActionMask = 2147483647;
			files = (
				DD4D066522FE157300470BF3 /* Behave.framework in Frameworks */,
			);
			runOnlyForDeploymentPostprocessing = 0;
		};
/* End PBXFrameworksBuildPhase section */

/* Begin PBXGroup section */
		DD4D065122FE157300470BF3 = {
			isa = PBXGroup;
			children = (
				DD4D065D22FE157300470BF3 /* Behave */,
				DD4D066822FE157300470BF3 /* BehaveTests */,
				DD4D065C22FE157300470BF3 /* Products */,
			);
			sourceTree = "<group>";
		};
		DD4D065C22FE157300470BF3 /* Products */ = {
			isa = PBXGroup;
			children = (
				DD4D065B22FE157300470BF3 /* Behave.framework */,
				DD4D066422FE157300470BF3 /* BehaveTests.xctest */,
			);
			name = Products;
			sourceTree = "<group>";
		};
		DD4D065D22FE157300470BF3 /* Behave */ = {
			isa = PBXGroup;
			children = (
				DD4D06792301A39600470BF3 /* Behave.swift */,
				DD4D06782301A39600470BF3 /* BehaveElements.swift */,
				DD4D065E22FE157300470BF3 /* Behave.h */,
				DD4D065F22FE157300470BF3 /* Info.plist */,
			);
			path = Behave;
			sourceTree = "<group>";
		};
		DD4D066822FE157300470BF3 /* BehaveTests */ = {
			isa = PBXGroup;
			children = (
				DD4D066922FE157300470BF3 /* BehaveTests.swift */,
				DD4D066B22FE157300470BF3 /* Info.plist */,
			);
			path = BehaveTests;
			sourceTree = "<group>";
		};
/* End PBXGroup section */

/* Begin PBXHeadersBuildPhase section */
		DD4D065622FE157300470BF3 /* Headers */ = {
			isa = PBXHeadersBuildPhase;
			buildActionMask = 2147483647;
			files = (
				DD4D066C22FE157300470BF3 /* Behave.h in Headers */,
			);
			runOnlyForDeploymentPostprocessing = 0;
		};
/* End PBXHeadersBuildPhase section */

/* Begin PBXNativeTarget section */
		DD4D065A22FE157300470BF3 /* Behave */ = {
			isa = PBXNativeTarget;
			buildConfigurationList = DD4D066F22FE157300470BF3 /* Build configuration list for PBXNativeTarget "Behave" */;
			buildPhases = (
				DD4D065622FE157300470BF3 /* Headers */,
				DD4D065722FE157300470BF3 /* Sources */,
				DD4D065822FE157300470BF3 /* Frameworks */,
				DD4D065922FE157300470BF3 /* Resources */,
			);
			buildRules = (
			);
			dependencies = (
			);
			name = Behave;
			productName = Behave;
			productReference = DD4D065B22FE157300470BF3 /* Behave.framework */;
			productType = "com.apple.product-type.framework";
		};
		DD4D066322FE157300470BF3 /* BehaveTests */ = {
			isa = PBXNativeTarget;
			buildConfigurationList = DD4D067222FE157300470BF3 /* Build configuration list for PBXNativeTarget "BehaveTests" */;
			buildPhases = (
				DD4D066022FE157300470BF3 /* Sources */,
				DD4D066122FE157300470BF3 /* Frameworks */,
				DD4D066222FE157300470BF3 /* Resources */,
			);
			buildRules = (
			);
			dependencies = (
				DD4D066722FE157300470BF3 /* PBXTargetDependency */,
			);
			name = BehaveTests;
			productName = BehaveTests;
			productReference = DD4D066422FE157300470BF3 /* BehaveTests.xctest */;
			productType = "com.apple.product-type.bundle.unit-test";
		};
/* End PBXNativeTarget section */

/* Begin PBXProject section */
		DD4D065222FE157300470BF3 /* Project object */ = {
			isa = PBXProject;
			attributes = {
				LastSwiftUpdateCheck = 1020;
				LastUpgradeCheck = 1020;
				ORGANIZATIONNAME = Freshly;
				TargetAttributes = {
					DD4D065A22FE157300470BF3 = {
						CreatedOnToolsVersion = 10.2.1;
						LastSwiftMigration = 1020;
					};
					DD4D066322FE157300470BF3 = {
						CreatedOnToolsVersion = 10.2.1;
					};
				};
			};
			buildConfigurationList = DD4D065522FE157300470BF3 /* Build configuration list for PBXProject "Behave" */;
			compatibilityVersion = "Xcode 9.3";
			developmentRegion = en;
			hasScannedForEncodings = 0;
			knownRegions = (
				en,
			);
			mainGroup = DD4D065122FE157300470BF3;
			productRefGroup = DD4D065C22FE157300470BF3 /* Products */;
			projectDirPath = "";
			projectRoot = "";
			targets = (
				DD4D065A22FE157300470BF3 /* Behave */,
				DD4D066322FE157300470BF3 /* BehaveTests */,
			);
		};
/* End PBXProject section */

/* Begin PBXResourcesBuildPhase section */
		DD4D065922FE157300470BF3 /* Resources */ = {
			isa = PBXResourcesBuildPhase;
			buildActionMask = 2147483647;
			files = (
			);
			runOnlyForDeploymentPostprocessing = 0;
		};
		DD4D066222FE157300470BF3 /* Resources */ = {
			isa = PBXResourcesBuildPhase;
			buildActionMask = 2147483647;
			files = (
			);
			runOnlyForDeploymentPostprocessing = 0;
		};
/* End PBXResourcesBuildPhase section */

/* Begin PBXSourcesBuildPhase section */
		DD4D065722FE157300470BF3 /* Sources */ = {
			isa = PBXSourcesBuildPhase;
			buildActionMask = 2147483647;
			files = (
				DD4D067B2301A39600470BF3 /* Behave.swift in Sources */,
				DD4D067A2301A39600470BF3 /* BehaveElements.swift in Sources */,
			);
			runOnlyForDeploymentPostprocessing = 0;
		};
		DD4D066022FE157300470BF3 /* Sources */ = {
			isa = PBXSourcesBuildPhase;
			buildActionMask = 2147483647;
			files = (
				DD4D066A22FE157300470BF3 /* BehaveTests.swift in Sources */,
			);
			runOnlyForDeploymentPostprocessing = 0;
		};
/* End PBXSourcesBuildPhase section */

/* Begin PBXTargetDependency section */
		DD4D066722FE157300470BF3 /* PBXTargetDependency */ = {
			isa = PBXTargetDependency;
			target = DD4D065A22FE157300470BF3 /* Behave */;
			targetProxy = DD4D066622FE157300470BF3 /* PBXContainerItemProxy */;
		};
/* End PBXTargetDependency section */

/* Begin XCBuildConfiguration section */
		DD4D066D22FE157300470BF3 /* Debug */ = {
			isa = XCBuildConfiguration;
			buildSettings = {
				ALWAYS_SEARCH_USER_PATHS = NO;
				CLANG_ANALYZER_NONNULL = YES;
				CLANG_ANALYZER_NUMBER_OBJECT_CONVERSION = YES_AGGRESSIVE;
				CLANG_CXX_LANGUAGE_STANDARD = "gnu++14";
				CLANG_CXX_LIBRARY = "libc++";
				CLANG_ENABLE_MODULES = YES;
				CLANG_ENABLE_OBJC_ARC = YES;
				CLANG_ENABLE_OBJC_WEAK = YES;
				CLANG_WARN_BLOCK_CAPTURE_AUTORELEASING = YES;
				CLANG_WARN_BOOL_CONVERSION = YES;
				CLANG_WARN_COMMA = YES;
				CLANG_WARN_CONSTANT_CONVERSION = YES;
				CLANG_WARN_DEPRECATED_OBJC_IMPLEMENTATIONS = YES;
				CLANG_WARN_DIRECT_OBJC_ISA_USAGE = YES_ERROR;
				CLANG_WARN_DOCUMENTATION_COMMENTS = YES;
				CLANG_WARN_EMPTY_BODY = YES;
				CLANG_WARN_ENUM_CONVERSION = YES;
				CLANG_WARN_INFINITE_RECURSION = YES;
				CLANG_WARN_INT_CONVERSION = YES;
				CLANG_WARN_NON_LITERAL_NULL_CONVERSION = YES;
				CLANG_WARN_OBJC_IMPLICIT_RETAIN_SELF = YES;
				CLANG_WARN_OBJC_LITERAL_CONVERSION = YES;
				CLANG_WARN_OBJC_ROOT_CLASS = YES_ERROR;
				CLANG_WARN_RANGE_LOOP_ANALYSIS = YES;
				CLANG_WARN_STRICT_PROTOTYPES = YES;
				CLANG_WARN_SUSPICIOUS_MOVE = YES;
				CLANG_WARN_UNGUARDED_AVAILABILITY = YES_AGGRESSIVE;
				CLANG_WARN_UNREACHABLE_CODE = YES;
				CLANG_WARN__DUPLICATE_METHOD_MATCH = YES;
				CODE_SIGN_IDENTITY = "iPhone Developer";
				COPY_PHASE_STRIP = NO;
				CURRENT_PROJECT_VERSION = 1;
				DEBUG_INFORMATION_FORMAT = dwarf;
				ENABLE_STRICT_OBJC_MSGSEND = YES;
				ENABLE_TESTABILITY = YES;
				GCC_C_LANGUAGE_STANDARD = gnu11;
				GCC_DYNAMIC_NO_PIC = NO;
				GCC_NO_COMMON_BLOCKS = YES;
				GCC_OPTIMIZATION_LEVEL = 0;
				GCC_PREPROCESSOR_DEFINITIONS = (
					"DEBUG=1",
					"$(inherited)",
				);
				GCC_WARN_64_TO_32_BIT_CONVERSION = YES;
				GCC_WARN_ABOUT_RETURN_TYPE = YES_ERROR;
				GCC_WARN_UNDECLARED_SELECTOR = YES;
				GCC_WARN_UNINITIALIZED_AUTOS = YES_AGGRESSIVE;
				GCC_WARN_UNUSED_FUNCTION = YES;
				GCC_WARN_UNUSED_VARIABLE = YES;
				IPHONEOS_DEPLOYMENT_TARGET = 12.2;
				MTL_ENABLE_DEBUG_INFO = INCLUDE_SOURCE;
				MTL_FAST_MATH = YES;
				ONLY_ACTIVE_ARCH = YES;
				SDKROOT = iphoneos;
				SWIFT_ACTIVE_COMPILATION_CONDITIONS = DEBUG;
				SWIFT_OPTIMIZATION_LEVEL = "-Onone";
				VERSIONING_SYSTEM = "apple-generic";
				VERSION_INFO_PREFIX = "";
			};
			name = Debug;
		};
		DD4D066E22FE157300470BF3 /* Release */ = {
			isa = XCBuildConfiguration;
			buildSettings = {
				ALWAYS_SEARCH_USER_PATHS = NO;
				CLANG_ANALYZER_NONNULL = YES;
				CLANG_ANALYZER_NUMBER_OBJECT_CONVERSION = YES_AGGRESSIVE;
				CLANG_CXX_LANGUAGE_STANDARD = "gnu++14";
				CLANG_CXX_LIBRARY = "libc++";
				CLANG_ENABLE_MODULES = YES;
				CLANG_ENABLE_OBJC_ARC = YES;
				CLANG_ENABLE_OBJC_WEAK = YES;
				CLANG_WARN_BLOCK_CAPTURE_AUTORELEASING = YES;
				CLANG_WARN_BOOL_CONVERSION = YES;
				CLANG_WARN_COMMA = YES;
				CLANG_WARN_CONSTANT_CONVERSION = YES;
				CLANG_WARN_DEPRECATED_OBJC_IMPLEMENTATIONS = YES;
				CLANG_WARN_DIRECT_OBJC_ISA_USAGE = YES_ERROR;
				CLANG_WARN_DOCUMENTATION_COMMENTS = YES;
				CLANG_WARN_EMPTY_BODY = YES;
				CLANG_WARN_ENUM_CONVERSION = YES;
				CLANG_WARN_INFINITE_RECURSION = YES;
				CLANG_WARN_INT_CONVERSION = YES;
				CLANG_WARN_NON_LITERAL_NULL_CONVERSION = YES;
				CLANG_WARN_OBJC_IMPLICIT_RETAIN_SELF = YES;
				CLANG_WARN_OBJC_LITERAL_CONVERSION = YES;
				CLANG_WARN_OBJC_ROOT_CLASS = YES_ERROR;
				CLANG_WARN_RANGE_LOOP_ANALYSIS = YES;
				CLANG_WARN_STRICT_PROTOTYPES = YES;
				CLANG_WARN_SUSPICIOUS_MOVE = YES;
				CLANG_WARN_UNGUARDED_AVAILABILITY = YES_AGGRESSIVE;
				CLANG_WARN_UNREACHABLE_CODE = YES;
				CLANG_WARN__DUPLICATE_METHOD_MATCH = YES;
				CODE_SIGN_IDENTITY = "iPhone Developer";
				COPY_PHASE_STRIP = NO;
				CURRENT_PROJECT_VERSION = 1;
				DEBUG_INFORMATION_FORMAT = "dwarf-with-dsym";
				ENABLE_NS_ASSERTIONS = NO;
				ENABLE_STRICT_OBJC_MSGSEND = YES;
				GCC_C_LANGUAGE_STANDARD = gnu11;
				GCC_NO_COMMON_BLOCKS = YES;
				GCC_WARN_64_TO_32_BIT_CONVERSION = YES;
				GCC_WARN_ABOUT_RETURN_TYPE = YES_ERROR;
				GCC_WARN_UNDECLARED_SELECTOR = YES;
				GCC_WARN_UNINITIALIZED_AUTOS = YES_AGGRESSIVE;
				GCC_WARN_UNUSED_FUNCTION = YES;
				GCC_WARN_UNUSED_VARIABLE = YES;
				IPHONEOS_DEPLOYMENT_TARGET = 12.2;
				MTL_ENABLE_DEBUG_INFO = NO;
				MTL_FAST_MATH = YES;
				SDKROOT = iphoneos;
				SWIFT_COMPILATION_MODE = wholemodule;
				SWIFT_OPTIMIZATION_LEVEL = "-O";
				VALIDATE_PRODUCT = YES;
				VERSIONING_SYSTEM = "apple-generic";
				VERSION_INFO_PREFIX = "";
			};
			name = Release;
		};
		DD4D067022FE157300470BF3 /* Debug */ = {
			isa = XCBuildConfiguration;
			buildSettings = {
				CLANG_ENABLE_MODULES = YES;
				CODE_SIGN_IDENTITY = "";
				CODE_SIGN_STYLE = Automatic;
				DEFINES_MODULE = YES;
				DEVELOPMENT_TEAM = PC8ABW3R5C;
				DYLIB_COMPATIBILITY_VERSION = 1;
				DYLIB_CURRENT_VERSION = 1;
				DYLIB_INSTALL_NAME_BASE = "@rpath";
				INFOPLIST_FILE = Behave/Info.plist;
				INSTALL_PATH = "$(LOCAL_LIBRARY_DIR)/Frameworks";
				LD_RUNPATH_SEARCH_PATHS = (
					"$(inherited)",
					"@executable_path/Frameworks",
					"@loader_path/Frameworks",
				);
				PRODUCT_BUNDLE_IDENTIFIER = Freshly.Behave;
				PRODUCT_NAME = "$(TARGET_NAME:c99extidentifier)";
				SKIP_INSTALL = YES;
				SWIFT_OPTIMIZATION_LEVEL = "-Onone";
				SWIFT_VERSION = 5.0;
				TARGETED_DEVICE_FAMILY = "1,2";
			};
			name = Debug;
		};
		DD4D067122FE157300470BF3 /* Release */ = {
			isa = XCBuildConfiguration;
			buildSettings = {
				CLANG_ENABLE_MODULES = YES;
				CODE_SIGN_IDENTITY = "";
				CODE_SIGN_STYLE = Automatic;
				DEFINES_MODULE = YES;
				DEVELOPMENT_TEAM = PC8ABW3R5C;
				DYLIB_COMPATIBILITY_VERSION = 1;
				DYLIB_CURRENT_VERSION = 1;
				DYLIB_INSTALL_NAME_BASE = "@rpath";
				INFOPLIST_FILE = Behave/Info.plist;
				INSTALL_PATH = "$(LOCAL_LIBRARY_DIR)/Frameworks";
				LD_RUNPATH_SEARCH_PATHS = (
					"$(inherited)",
					"@executable_path/Frameworks",
					"@loader_path/Frameworks",
				);
				PRODUCT_BUNDLE_IDENTIFIER = Freshly.Behave;
				PRODUCT_NAME = "$(TARGET_NAME:c99extidentifier)";
				SKIP_INSTALL = YES;
				SWIFT_VERSION = 5.0;
				TARGETED_DEVICE_FAMILY = "1,2";
			};
			name = Release;
		};
		DD4D067322FE157300470BF3 /* Debug */ = {
			isa = XCBuildConfiguration;
			buildSettings = {
				ALWAYS_EMBED_SWIFT_STANDARD_LIBRARIES = YES;
				CODE_SIGN_STYLE = Automatic;
				DEVELOPMENT_TEAM = PC8ABW3R5C;
				INFOPLIST_FILE = BehaveTests/Info.plist;
				LD_RUNPATH_SEARCH_PATHS = (
					"$(inherited)",
					"@executable_path/Frameworks",
					"@loader_path/Frameworks",
				);
				PRODUCT_BUNDLE_IDENTIFIER = Freshly.BehaveTests;
				PRODUCT_NAME = "$(TARGET_NAME)";
				SWIFT_VERSION = 5.0;
				TARGETED_DEVICE_FAMILY = "1,2";
			};
			name = Debug;
		};
		DD4D067422FE157300470BF3 /* Release */ = {
			isa = XCBuildConfiguration;
			buildSettings = {
				ALWAYS_EMBED_SWIFT_STANDARD_LIBRARIES = YES;
				CODE_SIGN_STYLE = Automatic;
				DEVELOPMENT_TEAM = PC8ABW3R5C;
				INFOPLIST_FILE = BehaveTests/Info.plist;
				LD_RUNPATH_SEARCH_PATHS = (
					"$(inherited)",
					"@executable_path/Frameworks",
					"@loader_path/Frameworks",
				);
				PRODUCT_BUNDLE_IDENTIFIER = Freshly.BehaveTests;
				PRODUCT_NAME = "$(TARGET_NAME)";
				SWIFT_VERSION = 5.0;
				TARGETED_DEVICE_FAMILY = "1,2";
			};
			name = Release;
		};
/* End XCBuildConfiguration section */

/* Begin XCConfigurationList section */
		DD4D065522FE157300470BF3 /* Build configuration list for PBXProject "Behave" */ = {
			isa = XCConfigurationList;
			buildConfigurations = (
				DD4D066D22FE157300470BF3 /* Debug */,
				DD4D066E22FE157300470BF3 /* Release */,
			);
			defaultConfigurationIsVisible = 0;
			defaultConfigurationName = Release;
		};
		DD4D066F22FE157300470BF3 /* Build configuration list for PBXNativeTarget "Behave" */ = {
			isa = XCConfigurationList;
			buildConfigurations = (
				DD4D067022FE157300470BF3 /* Debug */,
				DD4D067122FE157300470BF3 /* Release */,
			);
			defaultConfigurationIsVisible = 0;
			defaultConfigurationName = Release;
		};
		DD4D067222FE157300470BF3 /* Build configuration list for PBXNativeTarget "BehaveTests" */ = {
			isa = XCConfigurationList;
			buildConfigurations = (
				DD4D067322FE157300470BF3 /* Debug */,
				DD4D067422FE157300470BF3 /* Release */,
			);
			defaultConfigurationIsVisible = 0;
			defaultConfigurationName = Release;
		};
/* End XCConfigurationList section */
	};
	rootObject = DD4D065222FE157300470BF3 /* Project object */;
}
